{
  "requires": true,
  "lockfileVersion": 1,
  "dependencies": {
    "sweetalert2": {
      "version": "10.16.3",
      "resolved": "https://registry.npmjs.org/sweetalert2/-/sweetalert2-10.16.3.tgz",
      "integrity": "sha512-ZSr+U9crlg1+wIf+S7BGBO5LFlNFRh+UM6ZURGPX5o1h14hJs6UdOce059VQz7jzuFB+xsO5TSvShNvp5YTqGQ=="
    },
    "vue-sweetalert2": {
      "version": "4.3.1",
      "resolved": "https://registry.npmjs.org/vue-sweetalert2/-/vue-sweetalert2-4.3.1.tgz",
      "integrity": "sha512-4ZsCpBupG9Q6RJsJ4z/+VkXp0+u5nWz9Z+TcsBU7sS7T47E/ZN3kZSwpCV1F+GdVzurYDcXNcKiwjQ3g7uXzqw==",
      "requires": {
        "sweetalert2": "10.x"
      }
    }
  }
}
